
Microsoft Visual Studio Solution File, Format Version 12.00
# Visual Studio 2013
VisualStudioVersion = 12.0.31101.0
MinimumVisualStudioVersion = 10.0.40219.1
Project("{FAE04EC0-301F-11D3-BF4B-00C04F79EFBC}") = "WorkspaceCleanupJob", "WorkspaceCleanupJob\WorkspaceCleanupJob.csproj", "{E3FDDA13-B858-4DB6-9429-FDE3569A0B68}"
EndProject
Project("{2150E333-8FDC-42A3-9474-1A3956D46DE8}") = "References", "References", "{7BBEFE71-8578-42C3-99AF-17BE38BBDE61}"
	ProjectSection(SolutionItems) = preProject
		References\Microsoft.AspNet.SignalR.Core.dll = References\Microsoft.AspNet.SignalR.Core.dll
		References\Microsoft.AspNet.SignalR.Owin.dll = References\Microsoft.AspNet.SignalR.Owin.dll
		References\Microsoft.AspNet.SignalR.SystemWeb.dll = References\Microsoft.AspNet.SignalR.SystemWeb.dll
		References\Microsoft.PSfD.TeamFoundation.Controls.Registry.dll = References\Microsoft.PSfD.TeamFoundation.Controls.Registry.dll
		References\Microsoft.PSfD.TeamFoundation.Controls.Registry.pdb = References\Microsoft.PSfD.TeamFoundation.Controls.Registry.pdb
		References\Microsoft.PSfD.TeamFoundation.Controls.Registry.xml = References\Microsoft.PSfD.TeamFoundation.Controls.Registry.xml
		References\Microsoft.TeamFoundation.Chat.Server.dll = References\Microsoft.TeamFoundation.Chat.Server.dll
		References\Microsoft.TeamFoundation.Framework.Server.dll = References\Microsoft.TeamFoundation.Framework.Server.dll
		References\Microsoft.TeamFoundation.Git.Common.dll = References\Microsoft.TeamFoundation.Git.Common.dll
		References\Microsoft.TeamFoundation.Git.Server.dll = References\Microsoft.TeamFoundation.Git.Server.dll
		References\Microsoft.TeamFoundation.Server.Core.dll = References\Microsoft.TeamFoundation.Server.Core.dll
		References\Microsoft.TeamFoundation.VersionControl.Server.dll = References\Microsoft.TeamFoundation.VersionControl.Server.dll
	EndProjectSection
EndProject
Project("{FAE04EC0-301F-11D3-BF4B-00C04F79EFBC}") = "JobScheduler", "JobScheduler\JobScheduler.csproj", "{11DBA735-998E-4C94-B84A-771EF3943F13}"
EndProject
Project("{FAE04EC0-301F-11D3-BF4B-00C04F79EFBC}") = "Common", "Common\Common.csproj", "{4139EA7D-75C0-4268-A7FC-304F408ED417}"
EndProject
Project("{FAE04EC0-301F-11D3-BF4B-00C04F79EFBC}") = "ShelvesetCleanupJob", "ShelvesetCleanupJob\ShelvesetCleanupJob.csproj", "{01E9763F-25DA-4B81-A2A2-24C6875427C2}"
EndProject
Project("{2150E333-8FDC-42A3-9474-1A3956D46DE8}") = "Schemas", "Schemas", "{D1D2FF61-8C53-4E6C-B328-43971D58D90E}"
	ProjectSection(SolutionItems) = preProject
		Schemas\RegistryInfo.xsd = Schemas\RegistryInfo.xsd
	EndProjectSection
EndProject
Project("{2150E333-8FDC-42A3-9474-1A3956D46DE8}") = "Documentation", "Documentation", "{1DD676A5-1987-44AE-A8FE-82736C9CC1CE}"
	ProjectSection(SolutionItems) = preProject
		Documentation\PSfD Team Foundation Job Extensions Sample.docx = Documentation\PSfD Team Foundation Job Extensions Sample.docx
	EndProjectSection
EndProject
Global
	GlobalSection(SolutionConfigurationPlatforms) = preSolution
		Debug|Any CPU = Debug|Any CPU
		Release|Any CPU = Release|Any CPU
	EndGlobalSection
	GlobalSection(ProjectConfigurationPlatforms) = postSolution
		{E3FDDA13-B858-4DB6-9429-FDE3569A0B68}.Debug|Any CPU.ActiveCfg = Debug|Any CPU
		{E3FDDA13-B858-4DB6-9429-FDE3569A0B68}.Debug|Any CPU.Build.0 = Debug|Any CPU
		{E3FDDA13-B858-4DB6-9429-FDE3569A0B68}.Release|Any CPU.ActiveCfg = Release|Any CPU
		{E3FDDA13-B858-4DB6-9429-FDE3569A0B68}.Release|Any CPU.Build.0 = Release|Any CPU
		{11DBA735-998E-4C94-B84A-771EF3943F13}.Debug|Any CPU.ActiveCfg = Debug|Any CPU
		{11DBA735-998E-4C94-B84A-771EF3943F13}.Debug|Any CPU.Build.0 = Debug|Any CPU
		{11DBA735-998E-4C94-B84A-771EF3943F13}.Release|Any CPU.ActiveCfg = Release|Any CPU
		{11DBA735-998E-4C94-B84A-771EF3943F13}.Release|Any CPU.Build.0 = Release|Any CPU
		{4139EA7D-75C0-4268-A7FC-304F408ED417}.Debug|Any CPU.ActiveCfg = Debug|Any CPU
		{4139EA7D-75C0-4268-A7FC-304F408ED417}.Debug|Any CPU.Build.0 = Debug|Any CPU
		{4139EA7D-75C0-4268-A7FC-304F408ED417}.Release|Any CPU.ActiveCfg = Release|Any CPU
		{4139EA7D-75C0-4268-A7FC-304F408ED417}.Release|Any CPU.Build.0 = Release|Any CPU
		{01E9763F-25DA-4B81-A2A2-24C6875427C2}.Debug|Any CPU.ActiveCfg = Debug|Any CPU
		{01E9763F-25DA-4B81-A2A2-24C6875427C2}.Debug|Any CPU.Build.0 = Debug|Any CPU
		{01E9763F-25DA-4B81-A2A2-24C6875427C2}.Release|Any CPU.ActiveCfg = Release|Any CPU
		{01E9763F-25DA-4B81-A2A2-24C6875427C2}.Release|Any CPU.Build.0 = Release|Any CPU
	EndGlobalSection
	GlobalSection(SolutionProperties) = preSolution
		HideSolutionNode = FALSE
	EndGlobalSection
EndGlobal
